
Microsoft Visual Studio Solution File, Format Version 12.00
# Visual Studio Version 17
VisualStudioVersion = 17.2.32616.157
MinimumVisualStudioVersion = 10.0.40219.1
Project("{9A19103F-16F7-4668-BE54-9A1E7A4F7556}") = "CompanyEmployees", "CompanyEmployees.csproj", "{7FF60D96-AEF5-458C-9036-FBEF0B3EA1BA}"
EndProject
Project("{9A19103F-16F7-4668-BE54-9A1E7A4F7556}") = "LoggerService", "..\LoggerService\LoggerService.csproj", "{280F8B34-183F-43DD-A5D9-635111217BF1}"
EndProject
Project("{9A19103F-16F7-4668-BE54-9A1E7A4F7556}") = "Contracts", "..\Contracts\Contracts.csproj", "{D6FDA74A-D6FF-4700-A1E7-575381CFFE5C}"
EndProject
Project("{FAE04EC0-301F-11D3-BF4B-00C04F79EFBC}") = "Repository", "..\Repository\Repository.csproj", "{60E42661-ECDA-4394-97C7-34065B508ECC}"
EndProject
Project("{FAE04EC0-301F-11D3-BF4B-00C04F79EFBC}") = "Entities", "..\Entities\Entities.csproj", "{7415CFD3-E02A-4E3C-87D5-63386A0F0432}"
EndProject
Global
	GlobalSection(SolutionConfigurationPlatforms) = preSolution
		Debug|Any CPU = Debug|Any CPU
		Release|Any CPU = Release|Any CPU
	EndGlobalSection
	GlobalSection(ProjectConfigurationPlatforms) = postSolution
		{7FF60D96-AEF5-458C-9036-FBEF0B3EA1BA}.Debug|Any CPU.ActiveCfg = Debug|Any CPU
		{7FF60D96-AEF5-458C-9036-FBEF0B3EA1BA}.Debug|Any CPU.Build.0 = Debug|Any CPU
		{7FF60D96-AEF5-458C-9036-FBEF0B3EA1BA}.Release|Any CPU.ActiveCfg = Release|Any CPU
		{7FF60D96-AEF5-458C-9036-FBEF0B3EA1BA}.Release|Any CPU.Build.0 = Release|Any CPU
		{280F8B34-183F-43DD-A5D9-635111217BF1}.Debug|Any CPU.ActiveCfg = Debug|Any CPU
		{280F8B34-183F-43DD-A5D9-635111217BF1}.Debug|Any CPU.Build.0 = Debug|Any CPU
		{280F8B34-183F-43DD-A5D9-635111217BF1}.Release|Any CPU.ActiveCfg = Release|Any CPU
		{280F8B34-183F-43DD-A5D9-635111217BF1}.Release|Any CPU.Build.0 = Release|Any CPU
		{D6FDA74A-D6FF-4700-A1E7-575381CFFE5C}.Debug|Any CPU.ActiveCfg = Debug|Any CPU
		{D6FDA74A-D6FF-4700-A1E7-575381CFFE5C}.Debug|Any CPU.Build.0 = Debug|Any CPU
		{D6FDA74A-D6FF-4700-A1E7-575381CFFE5C}.Release|Any CPU.ActiveCfg = Release|Any CPU
		{D6FDA74A-D6FF-4700-A1E7-575381CFFE5C}.Release|Any CPU.Build.0 = Release|Any CPU
		{60E42661-ECDA-4394-97C7-34065B508ECC}.Debug|Any CPU.ActiveCfg = Debug|Any CPU
		{60E42661-ECDA-4394-97C7-34065B508ECC}.Debug|Any CPU.Build.0 = Debug|Any CPU
		{60E42661-ECDA-4394-97C7-34065B508ECC}.Release|Any CPU.ActiveCfg = Release|Any CPU
		{60E42661-ECDA-4394-97C7-34065B508ECC}.Release|Any CPU.Build.0 = Release|Any CPU
		{7415CFD3-E02A-4E3C-87D5-63386A0F0432}.Debug|Any CPU.ActiveCfg = Debug|Any CPU
		{7415CFD3-E02A-4E3C-87D5-63386A0F0432}.Debug|Any CPU.Build.0 = Debug|Any CPU
		{7415CFD3-E02A-4E3C-87D5-63386A0F0432}.Release|Any CPU.ActiveCfg = Release|Any CPU
		{7415CFD3-E02A-4E3C-87D5-63386A0F0432}.Release|Any CPU.Build.0 = Release|Any CPU
	EndGlobalSection
	GlobalSection(SolutionProperties) = preSolution
		HideSolutionNode = FALSE
	EndGlobalSection
	GlobalSection(ExtensibilityGlobals) = postSolution
		SolutionGuid = {7598529A-0C18-4871-B3C3-C2A1D90468A0}
	EndGlobalSection
EndGlobal
